
Microsoft Visual Studio Solution File, Format Version 12.00
# Visual Studio 15
VisualStudioVersion = 15.0.27004.2010
MinimumVisualStudioVersion = 10.0.40219.1
Project("{8BC9CEB8-8B4A-11D0-8D11-00A0C91BC942}") = "connection_colors", "connection_colors.vcxproj", "{96305C34-5D16-3157-AC12-CBFFF24BB853}"
EndProject
Global
	GlobalSection(SolutionConfigurationPlatforms) = preSolution
		Debug|x64 = Debug|x64
		Release|x64 = Release|x64
	EndGlobalSection
	GlobalSection(ProjectConfigurationPlatforms) = postSolution
		{96305C34-5D16-3157-AC12-CBFFF24BB853}.Debug|x64.ActiveCfg = Debug|x64
		{96305C34-5D16-3157-AC12-CBFFF24BB853}.Debug|x64.Build.0 = Debug|x64
		{96305C34-5D16-3157-AC12-CBFFF24BB853}.Release|x64.ActiveCfg = Release|x64
		{96305C34-5D16-3157-AC12-CBFFF24BB853}.Release|x64.Build.0 = Release|x64
	EndGlobalSection
	GlobalSection(SolutionProperties) = preSolution
		HideSolutionNode = FALSE
	EndGlobalSection
	GlobalSection(ExtensibilityGlobals) = postSolution
		SolutionGuid = {B8243A6A-5C3D-48AA-876E-6BCB154D1F23}
	EndGlobalSection
EndGlobal
