
Microsoft Visual Studio Solution File, Format Version 12.00
# Visual Studio 15
VisualStudioVersion = 15.0.27004.2010
MinimumVisualStudioVersion = 10.0.40219.1
Project("{8BC9CEB8-8B4A-11D0-8D11-00A0C91BC942}") = "styles", "styles.vcxproj", "{7A746601-FDF8-332E-B83E-87703FEE3242}"
EndProject
Global
	GlobalSection(SolutionConfigurationPlatforms) = preSolution
		Debug|x64 = Debug|x64
		Release|x64 = Release|x64
	EndGlobalSection
	GlobalSection(ProjectConfigurationPlatforms) = postSolution
		{7A746601-FDF8-332E-B83E-87703FEE3242}.Debug|x64.ActiveCfg = Debug|x64
		{7A746601-FDF8-332E-B83E-87703FEE3242}.Debug|x64.Build.0 = Debug|x64
		{7A746601-FDF8-332E-B83E-87703FEE3242}.Release|x64.ActiveCfg = Release|x64
		{7A746601-FDF8-332E-B83E-87703FEE3242}.Release|x64.Build.0 = Release|x64
	EndGlobalSection
	GlobalSection(SolutionProperties) = preSolution
		HideSolutionNode = FALSE
	EndGlobalSection
	GlobalSection(ExtensibilityGlobals) = postSolution
		SolutionGuid = {EC36BD95-EC93-4384-B99E-AB03CC2CE17F}
	EndGlobalSection
EndGlobal
